
Microsoft Visual Studio Solution File, Format Version 12.00
# Visual Studio Version 17
VisualStudioVersion = 17.10.35027.167
MinimumVisualStudioVersion = 10.0.40219.1
Project("{FAE04EC0-301F-11D3-BF4B-00C04F79EFBC}") = "Pronia_example", "Pronia_example\Pronia_example.csproj", "{616261AB-5AB9-42E6-B588-7DA267A86ECA}"
EndProject
Global
	GlobalSection(SolutionConfigurationPlatforms) = preSolution
		Debug|Any CPU = Debug|Any CPU
		Release|Any CPU = Release|Any CPU
	EndGlobalSection
	GlobalSection(ProjectConfigurationPlatforms) = postSolution
		{616261AB-5AB9-42E6-B588-7DA267A86ECA}.Debug|Any CPU.ActiveCfg = Debug|Any CPU
		{616261AB-5AB9-42E6-B588-7DA267A86ECA}.Debug|Any CPU.Build.0 = Debug|Any CPU
		{616261AB-5AB9-42E6-B588-7DA267A86ECA}.Release|Any CPU.ActiveCfg = Release|Any CPU
		{616261AB-5AB9-42E6-B588-7DA267A86ECA}.Release|Any CPU.Build.0 = Release|Any CPU
	EndGlobalSection
	GlobalSection(SolutionProperties) = preSolution
		HideSolutionNode = FALSE
	EndGlobalSection
	GlobalSection(ExtensibilityGlobals) = postSolution
		SolutionGuid = {ACD54E6E-7A57-4339-955B-EFB9826EFF36}
	EndGlobalSection
EndGlobal
